
Microsoft Visual Studio Solution File, Format Version 12.00
# Visual Studio Version 16
VisualStudioVersion = 16.0.30128.74
MinimumVisualStudioVersion = 10.0.40219.1
Project("{9A19103F-16F7-4668-BE54-9A1E7A4F7556}") = "Skuld.Architecture", "src\Skuld.Architecture\Skuld.Architecture.csproj", "{AE5F92F8-7798-4540-A051-79393744EC78}"
EndProject
Project("{9A19103F-16F7-4668-BE54-9A1E7A4F7556}") = "Skuld.Core", "src\Skuld.Core\Skuld.Core.csproj", "{EE744D76-76D2-41B1-A338-16238E147F34}"
EndProject
Project("{FAE04EC0-301F-11D3-BF4B-00C04F79EFBC}") = "Skuld.Core.Test", "tests\Skuld.Core.Test\Skuld.Core.Test.csproj", "{831E7141-FFEA-49C6-BE63-B49540123769}"
EndProject
Global
	GlobalSection(SolutionConfigurationPlatforms) = preSolution
		Debug|Any CPU = Debug|Any CPU
		Release|Any CPU = Release|Any CPU
	EndGlobalSection
	GlobalSection(ProjectConfigurationPlatforms) = postSolution
		{AE5F92F8-7798-4540-A051-79393744EC78}.Debug|Any CPU.ActiveCfg = Debug|Any CPU
		{AE5F92F8-7798-4540-A051-79393744EC78}.Debug|Any CPU.Build.0 = Debug|Any CPU
		{AE5F92F8-7798-4540-A051-79393744EC78}.Release|Any CPU.ActiveCfg = Release|Any CPU
		{AE5F92F8-7798-4540-A051-79393744EC78}.Release|Any CPU.Build.0 = Release|Any CPU
		{EE744D76-76D2-41B1-A338-16238E147F34}.Debug|Any CPU.ActiveCfg = Debug|Any CPU
		{EE744D76-76D2-41B1-A338-16238E147F34}.Debug|Any CPU.Build.0 = Debug|Any CPU
		{EE744D76-76D2-41B1-A338-16238E147F34}.Release|Any CPU.ActiveCfg = Release|Any CPU
		{EE744D76-76D2-41B1-A338-16238E147F34}.Release|Any CPU.Build.0 = Release|Any CPU
		{831E7141-FFEA-49C6-BE63-B49540123769}.Debug|Any CPU.ActiveCfg = Debug|Any CPU
		{831E7141-FFEA-49C6-BE63-B49540123769}.Debug|Any CPU.Build.0 = Debug|Any CPU
		{831E7141-FFEA-49C6-BE63-B49540123769}.Release|Any CPU.ActiveCfg = Release|Any CPU
		{831E7141-FFEA-49C6-BE63-B49540123769}.Release|Any CPU.Build.0 = Release|Any CPU
	EndGlobalSection
	GlobalSection(SolutionProperties) = preSolution
		HideSolutionNode = FALSE
	EndGlobalSection
	GlobalSection(ExtensibilityGlobals) = postSolution
		SolutionGuid = {A7CF3926-9D86-4F26-BB2D-C69A96827ACC}
	EndGlobalSection
EndGlobal
